
Microsoft Visual Studio Solution File, Format Version 12.00
Project("{FAE04EC0-301F-11D3-BF4B-00C04F79EFBC}") = "connr", "Connr.App\Connr.App.csproj", "{88E7314B-A38F-4DC0-9C88-A02BCEB6B1DC}"
EndProject
Project("{FAE04EC0-301F-11D3-BF4B-00C04F79EFBC}") = "Connr.Process", "Connr.Process\Connr.Process.csproj", "{33DD5F7A-60BA-4607-BF99-0434A508EA82}"
EndProject
Project("{FAE04EC0-301F-11D3-BF4B-00C04F79EFBC}") = "DotNetstat", "DotNetstat\DotNetstat\DotNetstat.csproj", "{849D7832-2A38-4CDF-A4AD-9DDB5BF77174}"
EndProject
Global
	GlobalSection(SolutionConfigurationPlatforms) = preSolution
		Debug|Any CPU = Debug|Any CPU
		Release|Any CPU = Release|Any CPU
	EndGlobalSection
	GlobalSection(ProjectConfigurationPlatforms) = postSolution
		{88E7314B-A38F-4DC0-9C88-A02BCEB6B1DC}.Debug|Any CPU.ActiveCfg = Debug|Any CPU
		{88E7314B-A38F-4DC0-9C88-A02BCEB6B1DC}.Debug|Any CPU.Build.0 = Debug|Any CPU
		{88E7314B-A38F-4DC0-9C88-A02BCEB6B1DC}.Release|Any CPU.ActiveCfg = Release|Any CPU
		{88E7314B-A38F-4DC0-9C88-A02BCEB6B1DC}.Release|Any CPU.Build.0 = Release|Any CPU
		{33DD5F7A-60BA-4607-BF99-0434A508EA82}.Debug|Any CPU.ActiveCfg = Debug|Any CPU
		{33DD5F7A-60BA-4607-BF99-0434A508EA82}.Debug|Any CPU.Build.0 = Debug|Any CPU
		{33DD5F7A-60BA-4607-BF99-0434A508EA82}.Release|Any CPU.ActiveCfg = Release|Any CPU
		{33DD5F7A-60BA-4607-BF99-0434A508EA82}.Release|Any CPU.Build.0 = Release|Any CPU
		{849D7832-2A38-4CDF-A4AD-9DDB5BF77174}.Debug|Any CPU.ActiveCfg = Debug|Any CPU
		{849D7832-2A38-4CDF-A4AD-9DDB5BF77174}.Debug|Any CPU.Build.0 = Debug|Any CPU
		{849D7832-2A38-4CDF-A4AD-9DDB5BF77174}.Release|Any CPU.ActiveCfg = Release|Any CPU
		{849D7832-2A38-4CDF-A4AD-9DDB5BF77174}.Release|Any CPU.Build.0 = Release|Any CPU
	EndGlobalSection
EndGlobal
