
Microsoft Visual Studio Solution File, Format Version 12.00
# Visual Studio Version 17
VisualStudioVersion = 17.0.31717.71
MinimumVisualStudioVersion = 10.0.40219.1
Project("{9A19103F-16F7-4668-BE54-9A1E7A4F7556}") = "Connor.UI", "Connor.UI.csproj", "{0BA5935F-465B-4206-A158-8C33C12CF741}"
EndProject
Global
	GlobalSection(SolutionConfigurationPlatforms) = preSolution
		Debug|Any CPU = Debug|Any CPU
		Release|Any CPU = Release|Any CPU
	EndGlobalSection
	GlobalSection(ProjectConfigurationPlatforms) = postSolution
		{0BA5935F-465B-4206-A158-8C33C12CF741}.Debug|Any CPU.ActiveCfg = Debug|Any CPU
		{0BA5935F-465B-4206-A158-8C33C12CF741}.Debug|Any CPU.Build.0 = Debug|Any CPU
		{0BA5935F-465B-4206-A158-8C33C12CF741}.Release|Any CPU.ActiveCfg = Release|Any CPU
		{0BA5935F-465B-4206-A158-8C33C12CF741}.Release|Any CPU.Build.0 = Release|Any CPU
	EndGlobalSection
	GlobalSection(SolutionProperties) = preSolution
		HideSolutionNode = FALSE
	EndGlobalSection
	GlobalSection(ExtensibilityGlobals) = postSolution
		SolutionGuid = {EBFF3B83-2D4B-43C3-BE1A-B424EB5842C9}
	EndGlobalSection
EndGlobal